
Microsoft Visual Studio Solution File, Format Version 12.00
# Visual Studio Version 17
VisualStudioVersion = 17.6.33606.364
MinimumVisualStudioVersion = 10.0.40219.1
Project("{9A19103F-16F7-4668-BE54-9A1E7A4F7556}") = "BookShop", "BookShop\BookShop.csproj", "{C0AF5F5B-88DC-43ED-BACC-66C71E814AE1}"
EndProject
Project("{9A19103F-16F7-4668-BE54-9A1E7A4F7556}") = "BookShopRazor_Temp", "BookShopRazor_Temp\BookShopRazor_Temp.csproj", "{0C459D52-1763-451F-8735-87C47BC413F3}"
EndProject
Global
	GlobalSection(SolutionConfigurationPlatforms) = preSolution
		Debug|Any CPU = Debug|Any CPU
		Release|Any CPU = Release|Any CPU
	EndGlobalSection
	GlobalSection(ProjectConfigurationPlatforms) = postSolution
		{C0AF5F5B-88DC-43ED-BACC-66C71E814AE1}.Debug|Any CPU.ActiveCfg = Debug|Any CPU
		{C0AF5F5B-88DC-43ED-BACC-66C71E814AE1}.Debug|Any CPU.Build.0 = Debug|Any CPU
		{C0AF5F5B-88DC-43ED-BACC-66C71E814AE1}.Release|Any CPU.ActiveCfg = Release|Any CPU
		{C0AF5F5B-88DC-43ED-BACC-66C71E814AE1}.Release|Any CPU.Build.0 = Release|Any CPU
		{0C459D52-1763-451F-8735-87C47BC413F3}.Debug|Any CPU.ActiveCfg = Debug|Any CPU
		{0C459D52-1763-451F-8735-87C47BC413F3}.Debug|Any CPU.Build.0 = Debug|Any CPU
		{0C459D52-1763-451F-8735-87C47BC413F3}.Release|Any CPU.ActiveCfg = Release|Any CPU
		{0C459D52-1763-451F-8735-87C47BC413F3}.Release|Any CPU.Build.0 = Release|Any CPU
	EndGlobalSection
	GlobalSection(SolutionProperties) = preSolution
		HideSolutionNode = FALSE
	EndGlobalSection
	GlobalSection(ExtensibilityGlobals) = postSolution
		SolutionGuid = {A5490396-5246-47E4-ADBB-F0405790203B}
	EndGlobalSection
EndGlobal
